// !$*UTF8*$!
{
	archiveVersion = 1;
	classes = {
	};
	objectVersion = 46;
	objects = {

/* Begin PBXBuildFile section */
		280345761E790F83006E8163 /* WXCAEAGLLayer.m in Sources */ = {isa = PBXBuildFile; fileRef = 2803456F1E790F83006E8163 /* WXCAEAGLLayer.m */; };
		280345771E790F83006E8163 /* WXVideoCapture.m in Sources */ = {isa = PBXBuildFile; fileRef = 280345711E790F83006E8163 /* WXVideoCapture.m */; };
		280345781E790F83006E8163 /* WXVideoDecoder.m in Sources */ = {isa = PBXBuildFile; fileRef = 280345731E790F83006E8163 /* WXVideoDecoder.m */; };
		280345791E790F83006E8163 /* WXVideoEncoder.m in Sources */ = {isa = PBXBuildFile; fileRef = 280345751E790F83006E8163 /* WXVideoEncoder.m */; };
		2803457D1E7911B7006E8163 /* WXAACEncoder.m in Sources */ = {isa = PBXBuildFile; fileRef = 2803457C1E7911B7006E8163 /* WXAACEncoder.m */; };
		280345801E791BCF006E8163 /* WXAudioCapture.m in Sources */ = {isa = PBXBuildFile; fileRef = 2803457F1E791BCF006E8163 /* WXAudioCapture.m */; };
		282112EA1E6F9E8B0023FF1E /* main.m in Sources */ = {isa = PBXBuildFile; fileRef = 282112E91E6F9E8B0023FF1E /* main.m */; };
		282112ED1E6F9E8B0023FF1E /* AppDelegate.m in Sources */ = {isa = PBXBuildFile; fileRef = 282112EC1E6F9E8B0023FF1E /* AppDelegate.m */; };
		282112F01E6F9E8B0023FF1E /* ViewController.m in Sources */ = {isa = PBXBuildFile; fileRef = 282112EF1E6F9E8B0023FF1E /* ViewController.m */; };
		282112F31E6F9E8B0023FF1E /* Main.storyboard in Resources */ = {isa = PBXBuildFile; fileRef = 282112F11E6F9E8B0023FF1E /* Main.storyboard */; };
		282112F51E6F9E8B0023FF1E /* Assets.xcassets in Resources */ = {isa = PBXBuildFile; fileRef = 282112F41E6F9E8B0023FF1E /* Assets.xcassets */; };
		282112F81E6F9E8B0023FF1E /* LaunchScreen.storyboard in Resources */ = {isa = PBXBuildFile; fileRef = 282112F61E6F9E8B0023FF1E /* LaunchScreen.storyboard */; };
		31112DAD2415DC22009665AE /* NMCLiveStreamingViewController.m in Sources */ = {isa = PBXBuildFile; fileRef = 31112DAC2415DC22009665AE /* NMCLiveStreamingViewController.m */; };
		31112DAE2416108E009665AE /* PushMetalViewController.m in Sources */ = {isa = PBXBuildFile; fileRef = 31503A842410EA3A0029E506 /* PushMetalViewController.m */; };
		31503A7C2410D4450029E506 /* UIView+PixelBuffer.m in Sources */ = {isa = PBXBuildFile; fileRef = 31503A7B2410D4450029E506 /* UIView+PixelBuffer.m */; };
		31503A7F2410D9890029E506 /* UIColor+Extension.m in Sources */ = {isa = PBXBuildFile; fileRef = 31503A7E2410D9890029E506 /* UIColor+Extension.m */; };
		994C6D99FB592C83D5611783 /* Pods_WXH264Demo.framework in Frameworks */ = {isa = PBXBuildFile; fileRef = A16CDFB912DC6B07E61FFA03 /* Pods_WXH264Demo.framework */; };
/* End PBXBuildFile section */

/* Begin PBXFileReference section */
		2803456E1E790F83006E8163 /* WXCAEAGLLayer.h */ = {isa = PBXFileReference; fileEncoding = 4; lastKnownFileType = sourcecode.c.h; path = WXCAEAGLLayer.h; sourceTree = "<group>"; };
		2803456F1E790F83006E8163 /* WXCAEAGLLayer.m */ = {isa = PBXFileReference; fileEncoding = 4; lastKnownFileType = sourcecode.c.objc; path = WXCAEAGLLayer.m; sourceTree = "<group>"; };
		280345701E790F83006E8163 /* WXVideoCapture.h */ = {isa = PBXFileReference; fileEncoding = 4; lastKnownFileType = sourcecode.c.h; path = WXVideoCapture.h; sourceTree = "<group>"; };
		280345711E790F83006E8163 /* WXVideoCapture.m */ = {isa = PBXFileReference; fileEncoding = 4; lastKnownFileType = sourcecode.c.objc; path = WXVideoCapture.m; sourceTree = "<group>"; };
		280345721E790F83006E8163 /* WXVideoDecoder.h */ = {isa = PBXFileReference; fileEncoding = 4; lastKnownFileType = sourcecode.c.h; path = WXVideoDecoder.h; sourceTree = "<group>"; };
		280345731E790F83006E8163 /* WXVideoDecoder.m */ = {isa = PBXFileReference; fileEncoding = 4; lastKnownFileType = sourcecode.c.objc; path = WXVideoDecoder.m; sourceTree = "<group>"; };
		280345741E790F83006E8163 /* WXVideoEncoder.h */ = {isa = PBXFileReference; fileEncoding = 4; lastKnownFileType = sourcecode.c.h; path = WXVideoEncoder.h; sourceTree = "<group>"; };
		280345751E790F83006E8163 /* WXVideoEncoder.m */ = {isa = PBXFileReference; fileEncoding = 4; lastKnownFileType = sourcecode.c.objc; path = WXVideoEncoder.m; sourceTree = "<group>"; };
		2803457B1E7911B7006E8163 /* WXAACEncoder.h */ = {isa = PBXFileReference; fileEncoding = 4; lastKnownFileType = sourcecode.c.h; path = WXAACEncoder.h; sourceTree = "<group>"; };
		2803457C1E7911B7006E8163 /* WXAACEncoder.m */ = {isa = PBXFileReference; fileEncoding = 4; lastKnownFileType = sourcecode.c.objc; path = WXAACEncoder.m; sourceTree = "<group>"; };
		2803457E1E791BCF006E8163 /* WXAudioCapture.h */ = {isa = PBXFileReference; fileEncoding = 4; lastKnownFileType = sourcecode.c.h; path = WXAudioCapture.h; sourceTree = "<group>"; };
		2803457F1E791BCF006E8163 /* WXAudioCapture.m */ = {isa = PBXFileReference; fileEncoding = 4; lastKnownFileType = sourcecode.c.objc; path = WXAudioCapture.m; sourceTree = "<group>"; };
		282112E51E6F9E8B0023FF1E /* WXH264Demo.app */ = {isa = PBXFileReference; explicitFileType = wrapper.application; includeInIndex = 0; path = WXH264Demo.app; sourceTree = BUILT_PRODUCTS_DIR; };
		282112E91E6F9E8B0023FF1E /* main.m */ = {isa = PBXFileReference; lastKnownFileType = sourcecode.c.objc; path = main.m; sourceTree = "<group>"; };
		282112EB1E6F9E8B0023FF1E /* AppDelegate.h */ = {isa = PBXFileReference; lastKnownFileType = sourcecode.c.h; path = AppDelegate.h; sourceTree = "<group>"; };
		282112EC1E6F9E8B0023FF1E /* AppDelegate.m */ = {isa = PBXFileReference; lastKnownFileType = sourcecode.c.objc; path = AppDelegate.m; sourceTree = "<group>"; };
		282112EE1E6F9E8B0023FF1E /* ViewController.h */ = {isa = PBXFileReference; lastKnownFileType = sourcecode.c.h; path = ViewController.h; sourceTree = "<group>"; };
		282112EF1E6F9E8B0023FF1E /* ViewController.m */ = {isa = PBXFileReference; lastKnownFileType = sourcecode.c.objc; path = ViewController.m; sourceTree = "<group>"; };
		282112F21E6F9E8B0023FF1E /* Base */ = {isa = PBXFileReference; lastKnownFileType = file.storyboard; name = Base; path = Base.lproj/Main.storyboard; sourceTree = "<group>"; };
		282112F41E6F9E8B0023FF1E /* Assets.xcassets */ = {isa = PBXFileReference; lastKnownFileType = folder.assetcatalog; path = Assets.xcassets; sourceTree = "<group>"; };
		282112F71E6F9E8B0023FF1E /* Base */ = {isa = PBXFileReference; lastKnownFileType = file.storyboard; name = Base; path = Base.lproj/LaunchScreen.storyboard; sourceTree = "<group>"; };
		282112F91E6F9E8B0023FF1E /* Info.plist */ = {isa = PBXFileReference; lastKnownFileType = text.plist.xml; path = Info.plist; sourceTree = "<group>"; };
		282113051E70150D0023FF1E /* PrefixHeader.h */ = {isa = PBXFileReference; lastKnownFileType = sourcecode.c.h; path = PrefixHeader.h; sourceTree = "<group>"; };
		31112DAB2415DC22009665AE /* NMCLiveStreamingViewController.h */ = {isa = PBXFileReference; lastKnownFileType = sourcecode.c.h; path = NMCLiveStreamingViewController.h; sourceTree = "<group>"; };
		31112DAC2415DC22009665AE /* NMCLiveStreamingViewController.m */ = {isa = PBXFileReference; lastKnownFileType = sourcecode.c.objc; path = NMCLiveStreamingViewController.m; sourceTree = "<group>"; };
		314865A2241789B30062A98D /* libc++.1.tbd */ = {isa = PBXFileReference; lastKnownFileType = "sourcecode.text-based-dylib-definition"; name = "libc++.1.tbd"; path = "usr/lib/libc++.1.tbd"; sourceTree = SDKROOT; };
		31503A7A2410D4450029E506 /* UIView+PixelBuffer.h */ = {isa = PBXFileReference; lastKnownFileType = sourcecode.c.h; path = "UIView+PixelBuffer.h"; sourceTree = "<group>"; };
		31503A7B2410D4450029E506 /* UIView+PixelBuffer.m */ = {isa = PBXFileReference; lastKnownFileType = sourcecode.c.objc; path = "UIView+PixelBuffer.m"; sourceTree = "<group>"; };
		31503A7D2410D9890029E506 /* UIColor+Extension.h */ = {isa = PBXFileReference; lastKnownFileType = sourcecode.c.h; path = "UIColor+Extension.h"; sourceTree = "<group>"; };
		31503A7E2410D9890029E506 /* UIColor+Extension.m */ = {isa = PBXFileReference; lastKnownFileType = sourcecode.c.objc; path = "UIColor+Extension.m"; sourceTree = "<group>"; };
		31503A832410EA3A0029E506 /* PushMetalViewController.h */ = {isa = PBXFileReference; lastKnownFileType = sourcecode.c.h; path = PushMetalViewController.h; sourceTree = "<group>"; };
		31503A842410EA3A0029E506 /* PushMetalViewController.m */ = {isa = PBXFileReference; lastKnownFileType = sourcecode.c.objc; path = PushMetalViewController.m; sourceTree = "<group>"; };
		3C8C5AF263331B98AC2FCD2F /* Pods-WXH264Demo.debug.xcconfig */ = {isa = PBXFileReference; includeInIndex = 1; lastKnownFileType = text.xcconfig; name = "Pods-WXH264Demo.debug.xcconfig"; path = "Target Support Files/Pods-WXH264Demo/Pods-WXH264Demo.debug.xcconfig"; sourceTree = "<group>"; };
		A16CDFB912DC6B07E61FFA03 /* Pods_WXH264Demo.framework */ = {isa = PBXFileReference; explicitFileType = wrapper.framework; includeInIndex = 0; path = Pods_WXH264Demo.framework; sourceTree = BUILT_PRODUCTS_DIR; };
		E5EBCA47D36E1E7B80086B28 /* Pods-WXH264Demo.release.xcconfig */ = {isa = PBXFileReference; includeInIndex = 1; lastKnownFileType = text.xcconfig; name = "Pods-WXH264Demo.release.xcconfig"; path = "Target Support Files/Pods-WXH264Demo/Pods-WXH264Demo.release.xcconfig"; sourceTree = "<group>"; };
/* End PBXFileReference section */

/* Begin PBXFrameworksBuildPhase section */
		282112E21E6F9E8B0023FF1E /* Frameworks */ = {
			isa = PBXFrameworksBuildPhase;
			buildActionMask = 2147483647;
			files = (
				994C6D99FB592C83D5611783 /* Pods_WXH264Demo.framework in Frameworks */,
			);
			runOnlyForDeploymentPostprocessing = 0;
		};
/* End PBXFrameworksBuildPhase section */

/* Begin PBXGroup section */
		1B06A8B72C43351D3D4A0C73 /* Pods */ = {
			isa = PBXGroup;
			children = (
				3C8C5AF263331B98AC2FCD2F /* Pods-WXH264Demo.debug.xcconfig */,
				E5EBCA47D36E1E7B80086B28 /* Pods-WXH264Demo.release.xcconfig */,
			);
			path = Pods;
			sourceTree = "<group>";
		};
		2803456D1E790F83006E8163 /* Video */ = {
			isa = PBXGroup;
			children = (
				2803456E1E790F83006E8163 /* WXCAEAGLLayer.h */,
				2803456F1E790F83006E8163 /* WXCAEAGLLayer.m */,
				280345701E790F83006E8163 /* WXVideoCapture.h */,
				280345711E790F83006E8163 /* WXVideoCapture.m */,
				280345741E790F83006E8163 /* WXVideoEncoder.h */,
				280345751E790F83006E8163 /* WXVideoEncoder.m */,
				280345721E790F83006E8163 /* WXVideoDecoder.h */,
				280345731E790F83006E8163 /* WXVideoDecoder.m */,
			);
			path = Video;
			sourceTree = "<group>";
		};
		2803457A1E790FA5006E8163 /* Audio */ = {
			isa = PBXGroup;
			children = (
				2803457B1E7911B7006E8163 /* WXAACEncoder.h */,
				2803457C1E7911B7006E8163 /* WXAACEncoder.m */,
				2803457E1E791BCF006E8163 /* WXAudioCapture.h */,
				2803457F1E791BCF006E8163 /* WXAudioCapture.m */,
			);
			path = Audio;
			sourceTree = "<group>";
		};
		282112DC1E6F9E8B0023FF1E = {
			isa = PBXGroup;
			children = (
				282112E71E6F9E8B0023FF1E /* WXH264Demo */,
				282112E61E6F9E8B0023FF1E /* Products */,
				1B06A8B72C43351D3D4A0C73 /* Pods */,
				AA258490A70462704A896805 /* Frameworks */,
			);
			sourceTree = "<group>";
		};
		282112E61E6F9E8B0023FF1E /* Products */ = {
			isa = PBXGroup;
			children = (
				282112E51E6F9E8B0023FF1E /* WXH264Demo.app */,
			);
			name = Products;
			sourceTree = "<group>";
		};
		282112E71E6F9E8B0023FF1E /* WXH264Demo */ = {
			isa = PBXGroup;
			children = (
				282112EB1E6F9E8B0023FF1E /* AppDelegate.h */,
				282112EC1E6F9E8B0023FF1E /* AppDelegate.m */,
				282112EE1E6F9E8B0023FF1E /* ViewController.h */,
				282112EF1E6F9E8B0023FF1E /* ViewController.m */,
				31503A862410F7390029E506 /* CollectTheView */,
				31503A762410D3460029E506 /* UIView */,
				2803457A1E790FA5006E8163 /* Audio */,
				2803456D1E790F83006E8163 /* Video */,
				282112F11E6F9E8B0023FF1E /* Main.storyboard */,
				282112F41E6F9E8B0023FF1E /* Assets.xcassets */,
				282112F61E6F9E8B0023FF1E /* LaunchScreen.storyboard */,
				282112F91E6F9E8B0023FF1E /* Info.plist */,
				282112E81E6F9E8B0023FF1E /* Supporting Files */,
			);
			path = WXH264Demo;
			sourceTree = "<group>";
		};
		282112E81E6F9E8B0023FF1E /* Supporting Files */ = {
			isa = PBXGroup;
			children = (
				282112E91E6F9E8B0023FF1E /* main.m */,
				282113051E70150D0023FF1E /* PrefixHeader.h */,
			);
			name = "Supporting Files";
			sourceTree = "<group>";
		};
		31503A762410D3460029E506 /* UIView */ = {
			isa = PBXGroup;
			children = (
				31503A7A2410D4450029E506 /* UIView+PixelBuffer.h */,
				31503A7B2410D4450029E506 /* UIView+PixelBuffer.m */,
				31503A7D2410D9890029E506 /* UIColor+Extension.h */,
				31503A7E2410D9890029E506 /* UIColor+Extension.m */,
			);
			path = UIView;
			sourceTree = "<group>";
		};
		31503A862410F7390029E506 /* CollectTheView */ = {
			isa = PBXGroup;
			children = (
				31503A832410EA3A0029E506 /* PushMetalViewController.h */,
				31503A842410EA3A0029E506 /* PushMetalViewController.m */,
				31112DAB2415DC22009665AE /* NMCLiveStreamingViewController.h */,
				31112DAC2415DC22009665AE /* NMCLiveStreamingViewController.m */,
			);
			path = CollectTheView;
			sourceTree = "<group>";
		};
		AA258490A70462704A896805 /* Frameworks */ = {
			isa = PBXGroup;
			children = (
				314865A2241789B30062A98D /* libc++.1.tbd */,
				A16CDFB912DC6B07E61FFA03 /* Pods_WXH264Demo.framework */,
			);
			name = Frameworks;
			sourceTree = "<group>";
		};
/* End PBXGroup section */

/* Begin PBXNativeTarget section */
		282112E41E6F9E8B0023FF1E /* WXH264Demo */ = {
			isa = PBXNativeTarget;
			buildConfigurationList = 282112FC1E6F9E8B0023FF1E /* Build configuration list for PBXNativeTarget "WXH264Demo" */;
			buildPhases = (
				A89D6C583B88754B1460B18C /* [CP] Check Pods Manifest.lock */,
				282112E11E6F9E8B0023FF1E /* Sources */,
				282112E21E6F9E8B0023FF1E /* Frameworks */,
				282112E31E6F9E8B0023FF1E /* Resources */,
				34AAC5C9BA61CAB7D201D3E6 /* [CP] Embed Pods Frameworks */,
			);
			buildRules = (
			);
			dependencies = (
			);
			name = WXH264Demo;
			productName = WXH264Demo;
			productReference = 282112E51E6F9E8B0023FF1E /* WXH264Demo.app */;
			productType = "com.apple.product-type.application";
		};
/* End PBXNativeTarget section */

/* Begin PBXProject section */
		282112DD1E6F9E8B0023FF1E /* Project object */ = {
			isa = PBXProject;
			attributes = {
				LastUpgradeCheck = 0820;
				ORGANIZATIONNAME = LYColud;
				TargetAttributes = {
					282112E41E6F9E8B0023FF1E = {
						CreatedOnToolsVersion = 8.2.1;
						DevelopmentTeam = 3WCZP48BJA;
						LastSwiftMigration = 1130;
						ProvisioningStyle = Automatic;
					};
				};
			};
			buildConfigurationList = 282112E01E6F9E8B0023FF1E /* Build configuration list for PBXProject "WXH264Demo" */;
			compatibilityVersion = "Xcode 3.2";
			developmentRegion = English;
			hasScannedForEncodings = 0;
			knownRegions = (
				English,
				en,
				Base,
			);
			mainGroup = 282112DC1E6F9E8B0023FF1E;
			productRefGroup = 282112E61E6F9E8B0023FF1E /* Products */;
			projectDirPath = "";
			projectRoot = "";
			targets = (
				282112E41E6F9E8B0023FF1E /* WXH264Demo */,
			);
		};
/* End PBXProject section */

/* Begin PBXResourcesBuildPhase section */
		282112E31E6F9E8B0023FF1E /* Resources */ = {
			isa = PBXResourcesBuildPhase;
			buildActionMask = 2147483647;
			files = (
				282112F81E6F9E8B0023FF1E /* LaunchScreen.storyboard in Resources */,
				282112F51E6F9E8B0023FF1E /* Assets.xcassets in Resources */,
				282112F31E6F9E8B0023FF1E /* Main.storyboard in Resources */,
			);
			runOnlyForDeploymentPostprocessing = 0;
		};
/* End PBXResourcesBuildPhase section */

/* Begin PBXShellScriptBuildPhase section */
		34AAC5C9BA61CAB7D201D3E6 /* [CP] Embed Pods Frameworks */ = {
			isa = PBXShellScriptBuildPhase;
			buildActionMask = 2147483647;
			files = (
			);
			inputPaths = (
				"${PODS_ROOT}/Target Support Files/Pods-WXH264Demo/Pods-WXH264Demo-frameworks.sh",
				"${BUILT_PRODUCTS_DIR}/LFLiveKit/LFLiveKit.framework",
				"${PODS_ROOT}/NMCLiveStreaming_MINI/MINISDK/NMCBasicModuleFramework.framework",
				"${PODS_ROOT}/NMCLiveStreaming_MINI/MINISDK/NMCLiveStreaming.framework",
			);
			name = "[CP] Embed Pods Frameworks";
			outputPaths = (
				"${TARGET_BUILD_DIR}/${FRAMEWORKS_FOLDER_PATH}/LFLiveKit.framework",
				"${TARGET_BUILD_DIR}/${FRAMEWORKS_FOLDER_PATH}/NMCBasicModuleFramework.framework",
				"${TARGET_BUILD_DIR}/${FRAMEWORKS_FOLDER_PATH}/NMCLiveStreaming.framework",
			);
			runOnlyForDeploymentPostprocessing = 0;
			shellPath = /bin/sh;
			shellScript = "\"${PODS_ROOT}/Target Support Files/Pods-WXH264Demo/Pods-WXH264Demo-frameworks.sh\"\n";
			showEnvVarsInLog = 0;
		};
		A89D6C583B88754B1460B18C /* [CP] Check Pods Manifest.lock */ = {
			isa = PBXShellScriptBuildPhase;
			buildActionMask = 2147483647;
			files = (
			);
			inputFileListPaths = (
			);
			inputPaths = (
				"${PODS_PODFILE_DIR_PATH}/Podfile.lock",
				"${PODS_ROOT}/Manifest.lock",
			);
			name = "[CP] Check Pods Manifest.lock";
			outputFileListPaths = (
			);
			outputPaths = (
				"$(DERIVED_FILE_DIR)/Pods-WXH264Demo-checkManifestLockResult.txt",
			);
			runOnlyForDeploymentPostprocessing = 0;
			shellPath = /bin/sh;
			shellScript = "diff \"${PODS_PODFILE_DIR_PATH}/Podfile.lock\" \"${PODS_ROOT}/Manifest.lock\" > /dev/null\nif [ $? != 0 ] ; then\n    # print error to STDERR\n    echo \"error: The sandbox is not in sync with the Podfile.lock. Run 'pod install' or update your CocoaPods installation.\" >&2\n    exit 1\nfi\n# This output is used by Xcode 'outputs' to avoid re-running this script phase.\necho \"SUCCESS\" > \"${SCRIPT_OUTPUT_FILE_0}\"\n";
			showEnvVarsInLog = 0;
		};
/* End PBXShellScriptBuildPhase section */

/* Begin PBXSourcesBuildPhase section */
		282112E11E6F9E8B0023FF1E /* Sources */ = {
			isa = PBXSourcesBuildPhase;
			buildActionMask = 2147483647;
			files = (
				31112DAD2415DC22009665AE /* NMCLiveStreamingViewController.m in Sources */,
				282112F01E6F9E8B0023FF1E /* ViewController.m in Sources */,
				280345801E791BCF006E8163 /* WXAudioCapture.m in Sources */,
				282112ED1E6F9E8B0023FF1E /* AppDelegate.m in Sources */,
				31112DAE2416108E009665AE /* PushMetalViewController.m in Sources */,
				282112EA1E6F9E8B0023FF1E /* main.m in Sources */,
				31503A7F2410D9890029E506 /* UIColor+Extension.m in Sources */,
				280345791E790F83006E8163 /* WXVideoEncoder.m in Sources */,
				280345781E790F83006E8163 /* WXVideoDecoder.m in Sources */,
				2803457D1E7911B7006E8163 /* WXAACEncoder.m in Sources */,
				280345761E790F83006E8163 /* WXCAEAGLLayer.m in Sources */,
				31503A7C2410D4450029E506 /* UIView+PixelBuffer.m in Sources */,
				280345771E790F83006E8163 /* WXVideoCapture.m in Sources */,
			);
			runOnlyForDeploymentPostprocessing = 0;
		};
/* End PBXSourcesBuildPhase section */

/* Begin PBXVariantGroup section */
		282112F11E6F9E8B0023FF1E /* Main.storyboard */ = {
			isa = PBXVariantGroup;
			children = (
				282112F21E6F9E8B0023FF1E /* Base */,
			);
			name = Main.storyboard;
			sourceTree = "<group>";
		};
		282112F61E6F9E8B0023FF1E /* LaunchScreen.storyboard */ = {
			isa = PBXVariantGroup;
			children = (
				282112F71E6F9E8B0023FF1E /* Base */,
			);
			name = LaunchScreen.storyboard;
			sourceTree = "<group>";
		};
/* End PBXVariantGroup section */

/* Begin XCBuildConfiguration section */
		282112FA1E6F9E8B0023FF1E /* Debug */ = {
			isa = XCBuildConfiguration;
			buildSettings = {
				ALWAYS_SEARCH_USER_PATHS = NO;
				CLANG_ANALYZER_NONNULL = YES;
				CLANG_CXX_LANGUAGE_STANDARD = "gnu++0x";
				CLANG_CXX_LIBRARY = "libc++";
				CLANG_ENABLE_MODULES = YES;
				CLANG_ENABLE_OBJC_ARC = YES;
				CLANG_WARN_BOOL_CONVERSION = YES;
				CLANG_WARN_CONSTANT_CONVERSION = YES;
				CLANG_WARN_DIRECT_OBJC_ISA_USAGE = YES_ERROR;
				CLANG_WARN_DOCUMENTATION_COMMENTS = YES;
				CLANG_WARN_EMPTY_BODY = YES;
				CLANG_WARN_ENUM_CONVERSION = YES;
				CLANG_WARN_INFINITE_RECURSION = YES;
				CLANG_WARN_INT_CONVERSION = YES;
				CLANG_WARN_OBJC_ROOT_CLASS = YES_ERROR;
				CLANG_WARN_SUSPICIOUS_MOVE = YES;
				CLANG_WARN_UNREACHABLE_CODE = YES;
				CLANG_WARN__DUPLICATE_METHOD_MATCH = YES;
				"CODE_SIGN_IDENTITY[sdk=iphoneos*]" = "iPhone Developer";
				COPY_PHASE_STRIP = NO;
				DEBUG_INFORMATION_FORMAT = dwarf;
				ENABLE_STRICT_OBJC_MSGSEND = YES;
				ENABLE_TESTABILITY = YES;
				GCC_C_LANGUAGE_STANDARD = gnu99;
				GCC_DYNAMIC_NO_PIC = NO;
				GCC_NO_COMMON_BLOCKS = YES;
				GCC_OPTIMIZATION_LEVEL = 0;
				GCC_PREPROCESSOR_DEFINITIONS = (
					"DEBUG=1",
					"$(inherited)",
				);
				GCC_WARN_64_TO_32_BIT_CONVERSION = YES;
				GCC_WARN_ABOUT_RETURN_TYPE = YES_ERROR;
				GCC_WARN_UNDECLARED_SELECTOR = YES;
				GCC_WARN_UNINITIALIZED_AUTOS = YES_AGGRESSIVE;
				GCC_WARN_UNUSED_FUNCTION = YES;
				GCC_WARN_UNUSED_VARIABLE = YES;
				IPHONEOS_DEPLOYMENT_TARGET = 10.2;
				MTL_ENABLE_DEBUG_INFO = YES;
				ONLY_ACTIVE_ARCH = YES;
				SDKROOT = iphoneos;
				TARGETED_DEVICE_FAMILY = "1,2";
			};
			name = Debug;
		};
		282112FB1E6F9E8B0023FF1E /* Release */ = {
			isa = XCBuildConfiguration;
			buildSettings = {
				ALWAYS_SEARCH_USER_PATHS = NO;
				CLANG_ANALYZER_NONNULL = YES;
				CLANG_CXX_LANGUAGE_STANDARD = "gnu++0x";
				CLANG_CXX_LIBRARY = "libc++";
				CLANG_ENABLE_MODULES = YES;
				CLANG_ENABLE_OBJC_ARC = YES;
				CLANG_WARN_BOOL_CONVERSION = YES;
				CLANG_WARN_CONSTANT_CONVERSION = YES;
				CLANG_WARN_DIRECT_OBJC_ISA_USAGE = YES_ERROR;
				CLANG_WARN_DOCUMENTATION_COMMENTS = YES;
				CLANG_WARN_EMPTY_BODY = YES;
				CLANG_WARN_ENUM_CONVERSION = YES;
				CLANG_WARN_INFINITE_RECURSION = YES;
				CLANG_WARN_INT_CONVERSION = YES;
				CLANG_WARN_OBJC_ROOT_CLASS = YES_ERROR;
				CLANG_WARN_SUSPICIOUS_MOVE = YES;
				CLANG_WARN_UNREACHABLE_CODE = YES;
				CLANG_WARN__DUPLICATE_METHOD_MATCH = YES;
				"CODE_SIGN_IDENTITY[sdk=iphoneos*]" = "iPhone Developer";
				COPY_PHASE_STRIP = NO;
				DEBUG_INFORMATION_FORMAT = "dwarf-with-dsym";
				ENABLE_NS_ASSERTIONS = NO;
				ENABLE_STRICT_OBJC_MSGSEND = YES;
				GCC_C_LANGUAGE_STANDARD = gnu99;
				GCC_NO_COMMON_BLOCKS = YES;
				GCC_WARN_64_TO_32_BIT_CONVERSION = YES;
				GCC_WARN_ABOUT_RETURN_TYPE = YES_ERROR;
				GCC_WARN_UNDECLARED_SELECTOR = YES;
				GCC_WARN_UNINITIALIZED_AUTOS = YES_AGGRESSIVE;
				GCC_WARN_UNUSED_FUNCTION = YES;
				GCC_WARN_UNUSED_VARIABLE = YES;
				IPHONEOS_DEPLOYMENT_TARGET = 10.2;
				MTL_ENABLE_DEBUG_INFO = NO;
				SDKROOT = iphoneos;
				TARGETED_DEVICE_FAMILY = "1,2";
				VALIDATE_PRODUCT = YES;
			};
			name = Release;
		};
		282112FD1E6F9E8B0023FF1E /* Debug */ = {
			isa = XCBuildConfiguration;
			baseConfigurationReference = 3C8C5AF263331B98AC2FCD2F /* Pods-WXH264Demo.debug.xcconfig */;
			buildSettings = {
				ASSETCATALOG_COMPILER_APPICON_NAME = AppIcon;
				CLANG_ENABLE_MODULES = YES;
				CODE_SIGN_IDENTITY = "Apple Development";
				CODE_SIGN_STYLE = Automatic;
				DEVELOPMENT_TEAM = 3WCZP48BJA;
				ENABLE_BITCODE = NO;
				GCC_PREFIX_HEADER = "$(PROJECT_DIR)/WXH264Demo/PrefixHeader.h";
				INFOPLIST_FILE = WXH264Demo/Info.plist;
				LD_RUNPATH_SEARCH_PATHS = "$(inherited) @executable_path/Frameworks";
				OTHER_LDFLAGS = "";
				PRODUCT_BUNDLE_IDENTIFIER = com.xun.WXH264;
				PRODUCT_NAME = WXH264Demo;
				PROVISIONING_PROFILE_SPECIFIER = "";
				SWIFT_OPTIMIZATION_LEVEL = "-Onone";
				SWIFT_VERSION = 5.0;
			};
			name = Debug;
		};
		282112FE1E6F9E8B0023FF1E /* Release */ = {
			isa = XCBuildConfiguration;
			baseConfigurationReference = E5EBCA47D36E1E7B80086B28 /* Pods-WXH264Demo.release.xcconfig */;
			buildSettings = {
				ASSETCATALOG_COMPILER_APPICON_NAME = AppIcon;
				CLANG_ENABLE_MODULES = YES;
				CODE_SIGN_IDENTITY = "Apple Development";
				CODE_SIGN_STYLE = Automatic;
				DEVELOPMENT_TEAM = 3WCZP48BJA;
				ENABLE_BITCODE = NO;
				GCC_PREFIX_HEADER = "$(PROJECT_DIR)/WXH264Demo/PrefixHeader.h";
				INFOPLIST_FILE = WXH264Demo/Info.plist;
				LD_RUNPATH_SEARCH_PATHS = "$(inherited) @executable_path/Frameworks";
				OTHER_LDFLAGS = "";
				PRODUCT_BUNDLE_IDENTIFIER = com.xun.WXH264;
				PRODUCT_NAME = WXH264Demo;
				PROVISIONING_PROFILE_SPECIFIER = "";
				SWIFT_VERSION = 5.0;
			};
			name = Release;
		};
/* End XCBuildConfiguration section */

/* Begin XCConfigurationList section */
		282112E01E6F9E8B0023FF1E /* Build configuration list for PBXProject "WXH264Demo" */ = {
			isa = XCConfigurationList;
			buildConfigurations = (
				282112FA1E6F9E8B0023FF1E /* Debug */,
				282112FB1E6F9E8B0023FF1E /* Release */,
			);
			defaultConfigurationIsVisible = 0;
			defaultConfigurationName = Release;
		};
		282112FC1E6F9E8B0023FF1E /* Build configuration list for PBXNativeTarget "WXH264Demo" */ = {
			isa = XCConfigurationList;
			buildConfigurations = (
				282112FD1E6F9E8B0023FF1E /* Debug */,
				282112FE1E6F9E8B0023FF1E /* Release */,
			);
			defaultConfigurationIsVisible = 0;
			defaultConfigurationName = Release;
		};
/* End XCConfigurationList section */
	};
	rootObject = 282112DD1E6F9E8B0023FF1E /* Project object */;
}
