// !$*UTF8*$!
{
	archiveVersion = 1;
	classes = {
	};
	objectVersion = 46;
	objects = {

/* Begin PBXBuildFile section */
		280345761E790F83006E8163 /* WXCAEAGLLayer.m in Sources */ = {isa = PBXBuildFile; fileRef = 2803456F1E790F83006E8163 /* WXCAEAGLLayer.m */; };
		280345771E790F83006E8163 /* WXVideoCapture.m in Sources */ = {isa = PBXBuildFile; fileRef = 280345711E790F83006E8163 /* WXVideoCapture.m */; };
		280345781E790F83006E8163 /* WXVideoDecoder.m in Sources */ = {isa = PBXBuildFile; fileRef = 280345731E790F83006E8163 /* WXVideoDecoder.m */; };
		280345791E790F83006E8163 /* WXVideoEncoder.m in Sources */ = {isa = PBXBuildFile; fileRef = 280345751E790F83006E8163 /* WXVideoEncoder.m */; };
		2803457D1E7911B7006E8163 /* WXAACEncoder.m in Sources */ = {isa = PBXBuildFile; fileRef = 2803457C1E7911B7006E8163 /* WXAACEncoder.m */; };
		280345801E791BCF006E8163 /* WXAudioCapture.m in Sources */ = {isa = PBXBuildFile; fileRef = 2803457F1E791BCF006E8163 /* WXAudioCapture.m */; };
		282112EA1E6F9E8B0023FF1E /* main.m in Sources */ = {isa = PBXBuildFile; fileRef = 282112E91E6F9E8B0023FF1E /* main.m */; };
		282112ED1E6F9E8B0023FF1E /* AppDelegate.m in Sources */ = {isa = PBXBuildFile; fileRef = 282112EC1E6F9E8B0023FF1E /* AppDelegate.m */; };
		282112F01E6F9E8B0023FF1E /* ViewController.m in Sources */ = {isa = PBXBuildFile; fileRef = 282112EF1E6F9E8B0023FF1E /* ViewController.m */; };
		282112F31E6F9E8B0023FF1E /* Main.storyboard in Resources */ = {isa = PBXBuildFile; fileRef = 282112F11E6F9E8B0023FF1E /* Main.storyboard */; };
		282112F51E6F9E8B0023FF1E /* Assets.xcassets in Resources */ = {isa = PBXBuildFile; fileRef = 282112F41E6F9E8B0023FF1E /* Assets.xcassets */; };
		282112F81E6F9E8B0023FF1E /* LaunchScreen.storyboard in Resources */ = {isa = PBXBuildFile; fileRef = 282112F61E6F9E8B0023FF1E /* LaunchScreen.storyboard */; };
/* End PBXBuildFile section */

/* Begin PBXFileReference section */
		2803456E1E790F83006E8163 /* WXCAEAGLLayer.h */ = {isa = PBXFileReference; fileEncoding = 4; lastKnownFileType = sourcecode.c.h; path = WXCAEAGLLayer.h; sourceTree = "<group>"; };
		2803456F1E790F83006E8163 /* WXCAEAGLLayer.m */ = {isa = PBXFileReference; fileEncoding = 4; lastKnownFileType = sourcecode.c.objc; path = WXCAEAGLLayer.m; sourceTree = "<group>"; };
		280345701E790F83006E8163 /* WXVideoCapture.h */ = {isa = PBXFileReference; fileEncoding = 4; lastKnownFileType = sourcecode.c.h; path = WXVideoCapture.h; sourceTree = "<group>"; };
		280345711E790F83006E8163 /* WXVideoCapture.m */ = {isa = PBXFileReference; fileEncoding = 4; lastKnownFileType = sourcecode.c.objc; path = WXVideoCapture.m; sourceTree = "<group>"; };
		280345721E790F83006E8163 /* WXVideoDecoder.h */ = {isa = PBXFileReference; fileEncoding = 4; lastKnownFileType = sourcecode.c.h; path = WXVideoDecoder.h; sourceTree = "<group>"; };
		280345731E790F83006E8163 /* WXVideoDecoder.m */ = {isa = PBXFileReference; fileEncoding = 4; lastKnownFileType = sourcecode.c.objc; path = WXVideoDecoder.m; sourceTree = "<group>"; };
		280345741E790F83006E8163 /* WXVideoEncoder.h */ = {isa = PBXFileReference; fileEncoding = 4; lastKnownFileType = sourcecode.c.h; path = WXVideoEncoder.h; sourceTree = "<group>"; };
		280345751E790F83006E8163 /* WXVideoEncoder.m */ = {isa = PBXFileReference; fileEncoding = 4; lastKnownFileType = sourcecode.c.objc; path = WXVideoEncoder.m; sourceTree = "<group>"; };
		2803457B1E7911B7006E8163 /* WXAACEncoder.h */ = {isa = PBXFileReference; fileEncoding = 4; lastKnownFileType = sourcecode.c.h; path = WXAACEncoder.h; sourceTree = "<group>"; };
		2803457C1E7911B7006E8163 /* WXAACEncoder.m */ = {isa = PBXFileReference; fileEncoding = 4; lastKnownFileType = sourcecode.c.objc; path = WXAACEncoder.m; sourceTree = "<group>"; };
		2803457E1E791BCF006E8163 /* WXAudioCapture.h */ = {isa = PBXFileReference; fileEncoding = 4; lastKnownFileType = sourcecode.c.h; path = WXAudioCapture.h; sourceTree = "<group>"; };
		2803457F1E791BCF006E8163 /* WXAudioCapture.m */ = {isa = PBXFileReference; fileEncoding = 4; lastKnownFileType = sourcecode.c.objc; path = WXAudioCapture.m; sourceTree = "<group>"; };
		282112E51E6F9E8B0023FF1E /* WXH264Demo.app */ = {isa = PBXFileReference; explicitFileType = wrapper.application; includeInIndex = 0; path = WXH264Demo.app; sourceTree = BUILT_PRODUCTS_DIR; };
		282112E91E6F9E8B0023FF1E /* main.m */ = {isa = PBXFileReference; lastKnownFileType = sourcecode.c.objc; path = main.m; sourceTree = "<group>"; };
		282112EB1E6F9E8B0023FF1E /* AppDelegate.h */ = {isa = PBXFileReference; lastKnownFileType = sourcecode.c.h; path = AppDelegate.h; sourceTree = "<group>"; };
		282112EC1E6F9E8B0023FF1E /* AppDelegate.m */ = {isa = PBXFileReference; lastKnownFileType = sourcecode.c.objc; path = AppDelegate.m; sourceTree = "<group>"; };
		282112EE1E6F9E8B0023FF1E /* ViewController.h */ = {isa = PBXFileReference; lastKnownFileType = sourcecode.c.h; path = ViewController.h; sourceTree = "<group>"; };
		282112EF1E6F9E8B0023FF1E /* ViewController.m */ = {isa = PBXFileReference; lastKnownFileType = sourcecode.c.objc; path = ViewController.m; sourceTree = "<group>"; };
		282112F21E6F9E8B0023FF1E /* Base */ = {isa = PBXFileReference; lastKnownFileType = file.storyboard; name = Base; path = Base.lproj/Main.storyboard; sourceTree = "<group>"; };
		282112F41E6F9E8B0023FF1E /* Assets.xcassets */ = {isa = PBXFileReference; lastKnownFileType = folder.assetcatalog; path = Assets.xcassets; sourceTree = "<group>"; };
		282112F71E6F9E8B0023FF1E /* Base */ = {isa = PBXFileReference; lastKnownFileType = file.storyboard; name = Base; path = Base.lproj/LaunchScreen.storyboard; sourceTree = "<group>"; };
		282112F91E6F9E8B0023FF1E /* Info.plist */ = {isa = PBXFileReference; lastKnownFileType = text.plist.xml; path = Info.plist; sourceTree = "<group>"; };
		282113051E70150D0023FF1E /* PrefixHeader.h */ = {isa = PBXFileReference; lastKnownFileType = sourcecode.c.h; path = PrefixHeader.h; sourceTree = "<group>"; };
/* End PBXFileReference section */

/* Begin PBXFrameworksBuildPhase section */
		282112E21E6F9E8B0023FF1E /* Frameworks */ = {
			isa = PBXFrameworksBuildPhase;
			buildActionMask = 2147483647;
			files = (
			);
			runOnlyForDeploymentPostprocessing = 0;
		};
/* End PBXFrameworksBuildPhase section */

/* Begin PBXGroup section */
		2803456D1E790F83006E8163 /* Video */ = {
			isa = PBXGroup;
			children = (
				2803456E1E790F83006E8163 /* WXCAEAGLLayer.h */,
				2803456F1E790F83006E8163 /* WXCAEAGLLayer.m */,
				280345701E790F83006E8163 /* WXVideoCapture.h */,
				280345711E790F83006E8163 /* WXVideoCapture.m */,
				280345741E790F83006E8163 /* WXVideoEncoder.h */,
				280345751E790F83006E8163 /* WXVideoEncoder.m */,
				280345721E790F83006E8163 /* WXVideoDecoder.h */,
				280345731E790F83006E8163 /* WXVideoDecoder.m */,
			);
			path = Video;
			sourceTree = "<group>";
		};
		2803457A1E790FA5006E8163 /* Audio */ = {
			isa = PBXGroup;
			children = (
				2803457B1E7911B7006E8163 /* WXAACEncoder.h */,
				2803457C1E7911B7006E8163 /* WXAACEncoder.m */,
				2803457E1E791BCF006E8163 /* WXAudioCapture.h */,
				2803457F1E791BCF006E8163 /* WXAudioCapture.m */,
			);
			path = Audio;
			sourceTree = "<group>";
		};
		282112DC1E6F9E8B0023FF1E = {
			isa = PBXGroup;
			children = (
				282112E71E6F9E8B0023FF1E /* WXH264Demo */,
				282112E61E6F9E8B0023FF1E /* Products */,
			);
			sourceTree = "<group>";
		};
		282112E61E6F9E8B0023FF1E /* Products */ = {
			isa = PBXGroup;
			children = (
				282112E51E6F9E8B0023FF1E /* WXH264Demo.app */,
			);
			name = Products;
			sourceTree = "<group>";
		};
		282112E71E6F9E8B0023FF1E /* WXH264Demo */ = {
			isa = PBXGroup;
			children = (
				282112EB1E6F9E8B0023FF1E /* AppDelegate.h */,
				282112EC1E6F9E8B0023FF1E /* AppDelegate.m */,
				282112EE1E6F9E8B0023FF1E /* ViewController.h */,
				282112EF1E6F9E8B0023FF1E /* ViewController.m */,
				2803457A1E790FA5006E8163 /* Audio */,
				2803456D1E790F83006E8163 /* Video */,
				282112F11E6F9E8B0023FF1E /* Main.storyboard */,
				282112F41E6F9E8B0023FF1E /* Assets.xcassets */,
				282112F61E6F9E8B0023FF1E /* LaunchScreen.storyboard */,
				282112F91E6F9E8B0023FF1E /* Info.plist */,
				282112E81E6F9E8B0023FF1E /* Supporting Files */,
			);
			path = WXH264Demo;
			sourceTree = "<group>";
		};
		282112E81E6F9E8B0023FF1E /* Supporting Files */ = {
			isa = PBXGroup;
			children = (
				282112E91E6F9E8B0023FF1E /* main.m */,
				282113051E70150D0023FF1E /* PrefixHeader.h */,
			);
			name = "Supporting Files";
			sourceTree = "<group>";
		};
/* End PBXGroup section */

/* Begin PBXNativeTarget section */
		282112E41E6F9E8B0023FF1E /* WXH264Demo */ = {
			isa = PBXNativeTarget;
			buildConfigurationList = 282112FC1E6F9E8B0023FF1E /* Build configuration list for PBXNativeTarget "WXH264Demo" */;
			buildPhases = (
				282112E11E6F9E8B0023FF1E /* Sources */,
				282112E21E6F9E8B0023FF1E /* Frameworks */,
				282112E31E6F9E8B0023FF1E /* Resources */,
			);
			buildRules = (
			);
			dependencies = (
			);
			name = WXH264Demo;
			productName = WXH264Demo;
			productReference = 282112E51E6F9E8B0023FF1E /* WXH264Demo.app */;
			productType = "com.apple.product-type.application";
		};
/* End PBXNativeTarget section */

/* Begin PBXProject section */
		282112DD1E6F9E8B0023FF1E /* Project object */ = {
			isa = PBXProject;
			attributes = {
				LastUpgradeCheck = 0820;
				ORGANIZATIONNAME = LYColud;
				TargetAttributes = {
					282112E41E6F9E8B0023FF1E = {
						CreatedOnToolsVersion = 8.2.1;
						DevelopmentTeam = 7MX2VQ922N;
						ProvisioningStyle = Manual;
					};
				};
			};
			buildConfigurationList = 282112E01E6F9E8B0023FF1E /* Build configuration list for PBXProject "WXH264Demo" */;
			compatibilityVersion = "Xcode 3.2";
			developmentRegion = English;
			hasScannedForEncodings = 0;
			knownRegions = (
				en,
				Base,
			);
			mainGroup = 282112DC1E6F9E8B0023FF1E;
			productRefGroup = 282112E61E6F9E8B0023FF1E /* Products */;
			projectDirPath = "";
			projectRoot = "";
			targets = (
				282112E41E6F9E8B0023FF1E /* WXH264Demo */,
			);
		};
/* End PBXProject section */

/* Begin PBXResourcesBuildPhase section */
		282112E31E6F9E8B0023FF1E /* Resources */ = {
			isa = PBXResourcesBuildPhase;
			buildActionMask = 2147483647;
			files = (
				282112F81E6F9E8B0023FF1E /* LaunchScreen.storyboard in Resources */,
				282112F51E6F9E8B0023FF1E /* Assets.xcassets in Resources */,
				282112F31E6F9E8B0023FF1E /* Main.storyboard in Resources */,
			);
			runOnlyForDeploymentPostprocessing = 0;
		};
/* End PBXResourcesBuildPhase section */

/* Begin PBXSourcesBuildPhase section */
		282112E11E6F9E8B0023FF1E /* Sources */ = {
			isa = PBXSourcesBuildPhase;
			buildActionMask = 2147483647;
			files = (
				282112F01E6F9E8B0023FF1E /* ViewController.m in Sources */,
				280345801E791BCF006E8163 /* WXAudioCapture.m in Sources */,
				282112ED1E6F9E8B0023FF1E /* AppDelegate.m in Sources */,
				282112EA1E6F9E8B0023FF1E /* main.m in Sources */,
				280345791E790F83006E8163 /* WXVideoEncoder.m in Sources */,
				280345781E790F83006E8163 /* WXVideoDecoder.m in Sources */,
				2803457D1E7911B7006E8163 /* WXAACEncoder.m in Sources */,
				280345761E790F83006E8163 /* WXCAEAGLLayer.m in Sources */,
				280345771E790F83006E8163 /* WXVideoCapture.m in Sources */,
			);
			runOnlyForDeploymentPostprocessing = 0;
		};
/* End PBXSourcesBuildPhase section */

/* Begin PBXVariantGroup section */
		282112F11E6F9E8B0023FF1E /* Main.storyboard */ = {
			isa = PBXVariantGroup;
			children = (
				282112F21E6F9E8B0023FF1E /* Base */,
			);
			name = Main.storyboard;
			sourceTree = "<group>";
		};
		282112F61E6F9E8B0023FF1E /* LaunchScreen.storyboard */ = {
			isa = PBXVariantGroup;
			children = (
				282112F71E6F9E8B0023FF1E /* Base */,
			);
			name = LaunchScreen.storyboard;
			sourceTree = "<group>";
		};
/* End PBXVariantGroup section */

/* Begin XCBuildConfiguration section */
		282112FA1E6F9E8B0023FF1E /* Debug */ = {
			isa = XCBuildConfiguration;
			buildSettings = {
				ALWAYS_SEARCH_USER_PATHS = NO;
				CLANG_ANALYZER_NONNULL = YES;
				CLANG_CXX_LANGUAGE_STANDARD = "gnu++0x";
				CLANG_CXX_LIBRARY = "libc++";
				CLANG_ENABLE_MODULES = YES;
				CLANG_ENABLE_OBJC_ARC = YES;
				CLANG_WARN_BOOL_CONVERSION = YES;
				CLANG_WARN_CONSTANT_CONVERSION = YES;
				CLANG_WARN_DIRECT_OBJC_ISA_USAGE = YES_ERROR;
				CLANG_WARN_DOCUMENTATION_COMMENTS = YES;
				CLANG_WARN_EMPTY_BODY = YES;
				CLANG_WARN_ENUM_CONVERSION = YES;
				CLANG_WARN_INFINITE_RECURSION = YES;
				CLANG_WARN_INT_CONVERSION = YES;
				CLANG_WARN_OBJC_ROOT_CLASS = YES_ERROR;
				CLANG_WARN_SUSPICIOUS_MOVE = YES;
				CLANG_WARN_UNREACHABLE_CODE = YES;
				CLANG_WARN__DUPLICATE_METHOD_MATCH = YES;
				"CODE_SIGN_IDENTITY[sdk=iphoneos*]" = "iPhone Developer";
				COPY_PHASE_STRIP = NO;
				DEBUG_INFORMATION_FORMAT = dwarf;
				ENABLE_STRICT_OBJC_MSGSEND = YES;
				ENABLE_TESTABILITY = YES;
				GCC_C_LANGUAGE_STANDARD = gnu99;
				GCC_DYNAMIC_NO_PIC = NO;
				GCC_NO_COMMON_BLOCKS = YES;
				GCC_OPTIMIZATION_LEVEL = 0;
				GCC_PREPROCESSOR_DEFINITIONS = (
					"DEBUG=1",
					"$(inherited)",
				);
				GCC_WARN_64_TO_32_BIT_CONVERSION = YES;
				GCC_WARN_ABOUT_RETURN_TYPE = YES_ERROR;
				GCC_WARN_UNDECLARED_SELECTOR = YES;
				GCC_WARN_UNINITIALIZED_AUTOS = YES_AGGRESSIVE;
				GCC_WARN_UNUSED_FUNCTION = YES;
				GCC_WARN_UNUSED_VARIABLE = YES;
				IPHONEOS_DEPLOYMENT_TARGET = 10.2;
				MTL_ENABLE_DEBUG_INFO = YES;
				ONLY_ACTIVE_ARCH = YES;
				SDKROOT = iphoneos;
				TARGETED_DEVICE_FAMILY = "1,2";
			};
			name = Debug;
		};
		282112FB1E6F9E8B0023FF1E /* Release */ = {
			isa = XCBuildConfiguration;
			buildSettings = {
				ALWAYS_SEARCH_USER_PATHS = NO;
				CLANG_ANALYZER_NONNULL = YES;
				CLANG_CXX_LANGUAGE_STANDARD = "gnu++0x";
				CLANG_CXX_LIBRARY = "libc++";
				CLANG_ENABLE_MODULES = YES;
				CLANG_ENABLE_OBJC_ARC = YES;
				CLANG_WARN_BOOL_CONVERSION = YES;
				CLANG_WARN_CONSTANT_CONVERSION = YES;
				CLANG_WARN_DIRECT_OBJC_ISA_USAGE = YES_ERROR;
				CLANG_WARN_DOCUMENTATION_COMMENTS = YES;
				CLANG_WARN_EMPTY_BODY = YES;
				CLANG_WARN_ENUM_CONVERSION = YES;
				CLANG_WARN_INFINITE_RECURSION = YES;
				CLANG_WARN_INT_CONVERSION = YES;
				CLANG_WARN_OBJC_ROOT_CLASS = YES_ERROR;
				CLANG_WARN_SUSPICIOUS_MOVE = YES;
				CLANG_WARN_UNREACHABLE_CODE = YES;
				CLANG_WARN__DUPLICATE_METHOD_MATCH = YES;
				"CODE_SIGN_IDENTITY[sdk=iphoneos*]" = "iPhone Developer";
				COPY_PHASE_STRIP = NO;
				DEBUG_INFORMATION_FORMAT = "dwarf-with-dsym";
				ENABLE_NS_ASSERTIONS = NO;
				ENABLE_STRICT_OBJC_MSGSEND = YES;
				GCC_C_LANGUAGE_STANDARD = gnu99;
				GCC_NO_COMMON_BLOCKS = YES;
				GCC_WARN_64_TO_32_BIT_CONVERSION = YES;
				GCC_WARN_ABOUT_RETURN_TYPE = YES_ERROR;
				GCC_WARN_UNDECLARED_SELECTOR = YES;
				GCC_WARN_UNINITIALIZED_AUTOS = YES_AGGRESSIVE;
				GCC_WARN_UNUSED_FUNCTION = YES;
				GCC_WARN_UNUSED_VARIABLE = YES;
				IPHONEOS_DEPLOYMENT_TARGET = 10.2;
				MTL_ENABLE_DEBUG_INFO = NO;
				SDKROOT = iphoneos;
				TARGETED_DEVICE_FAMILY = "1,2";
				VALIDATE_PRODUCT = YES;
			};
			name = Release;
		};
		282112FD1E6F9E8B0023FF1E /* Debug */ = {
			isa = XCBuildConfiguration;
			buildSettings = {
				ASSETCATALOG_COMPILER_APPICON_NAME = AppIcon;
				DEVELOPMENT_TEAM = 7MX2VQ922N;
				ENABLE_BITCODE = NO;
				GCC_PREFIX_HEADER = "$(PROJECT_DIR)/WXH264Demo/PrefixHeader.h";
				INFOPLIST_FILE = WXH264Demo/Info.plist;
				LD_RUNPATH_SEARCH_PATHS = "$(inherited) @executable_path/Frameworks";
				OTHER_LDFLAGS = "";
				PRODUCT_BUNDLE_IDENTIFIER = xun.WXH264Demo;
				PRODUCT_NAME = "$(TARGET_NAME)";
				PROVISIONING_PROFILE = "365eb825-9d52-4726-a47a-fc63a145e4a4";
				PROVISIONING_PROFILE_SPECIFIER = ACPublic2017Profile;
			};
			name = Debug;
		};
		282112FE1E6F9E8B0023FF1E /* Release */ = {
			isa = XCBuildConfiguration;
			buildSettings = {
				ASSETCATALOG_COMPILER_APPICON_NAME = AppIcon;
				DEVELOPMENT_TEAM = 7MX2VQ922N;
				ENABLE_BITCODE = NO;
				GCC_PREFIX_HEADER = "$(PROJECT_DIR)/WXH264Demo/PrefixHeader.h";
				INFOPLIST_FILE = WXH264Demo/Info.plist;
				LD_RUNPATH_SEARCH_PATHS = "$(inherited) @executable_path/Frameworks";
				OTHER_LDFLAGS = "";
				PRODUCT_BUNDLE_IDENTIFIER = xun.WXH264Demo;
				PRODUCT_NAME = "$(TARGET_NAME)";
				PROVISIONING_PROFILE = "365eb825-9d52-4726-a47a-fc63a145e4a4";
				PROVISIONING_PROFILE_SPECIFIER = ACPublic2017Profile;
			};
			name = Release;
		};
/* End XCBuildConfiguration section */

/* Begin XCConfigurationList section */
		282112E01E6F9E8B0023FF1E /* Build configuration list for PBXProject "WXH264Demo" */ = {
			isa = XCConfigurationList;
			buildConfigurations = (
				282112FA1E6F9E8B0023FF1E /* Debug */,
				282112FB1E6F9E8B0023FF1E /* Release */,
			);
			defaultConfigurationIsVisible = 0;
			defaultConfigurationName = Release;
		};
		282112FC1E6F9E8B0023FF1E /* Build configuration list for PBXNativeTarget "WXH264Demo" */ = {
			isa = XCConfigurationList;
			buildConfigurations = (
				282112FD1E6F9E8B0023FF1E /* Debug */,
				282112FE1E6F9E8B0023FF1E /* Release */,
			);
			defaultConfigurationIsVisible = 0;
			defaultConfigurationName = Release;
		};
/* End XCConfigurationList section */
	};
	rootObject = 282112DD1E6F9E8B0023FF1E /* Project object */;
}
